goji.io v0.0.0-20161114012657-0d89ff54b2c1 h1:6XgLs4K5yrppuWNzUo/cnWcrLr4JhL0HuieExehv5C4=
goji.io v0.0.0-20161114012657-0d89ff54b2c1/go.mod h1:sbqFwrtqZACxLBTQcdgVjFh54yGVCvwq8+w49MVMMIk=
goji.io v2.0.2+incompatible h1:uIssv/elbKRLznFUy3Xj4+2Mz/qKhek/9aZQDUMae7c=
goji.io v2.0.2+incompatible/go.mod h1:sbqFwrtqZACxLBTQcdgVjFh54yGVCvwq8+w49MVMMIk=
