# This file is autogenerated, do not edit; changes may be undone by the next 'dep ensure'.


[[projects]]
  name = "goji.io"
  packages = [
    ".",
    "internal"
  ]
  revision = "0d89ff54b2c18c9c4ba530e32496aef902d3c6cd"
  version = "v2.0"

[solve-meta]
  analyzer-name = "dep"
  analyzer-version = 1
  inputs-digest = "e4e982179697e3e66d4d469d35b687cf417e9e3d039857c01e8734f7e4580b16"
  solver-name = "gps-cdcl"
  solver-version = 1
